
Microsoft Visual Studio Solution File, Format Version 12.00
# Visual Studio 15
VisualStudioVersion = 15.0.28307.438
MinimumVisualStudioVersion = 10.0.40219.1
Project("{FAE04EC0-301F-11D3-BF4B-00C04F79EFBC}") = "UTA", "UTA\UTA.csproj", "{DE976FBF-2F6A-4D95-9B0E-D6880FB8590D}"
EndProject
Global
	GlobalSection(SolutionConfigurationPlatforms) = preSolution
		Debug|Any CPU = Debug|Any CPU
		Release|Any CPU = Release|Any CPU
	EndGlobalSection
	GlobalSection(ProjectConfigurationPlatforms) = postSolution
		{DE976FBF-2F6A-4D95-9B0E-D6880FB8590D}.Debug|Any CPU.ActiveCfg = Debug|Any CPU
		{DE976FBF-2F6A-4D95-9B0E-D6880FB8590D}.Debug|Any CPU.Build.0 = Debug|Any CPU
		{DE976FBF-2F6A-4D95-9B0E-D6880FB8590D}.Release|Any CPU.ActiveCfg = Release|Any CPU
		{DE976FBF-2F6A-4D95-9B0E-D6880FB8590D}.Release|Any CPU.Build.0 = Release|Any CPU
	EndGlobalSection
	GlobalSection(SolutionProperties) = preSolution
		HideSolutionNode = FALSE
	EndGlobalSection
	GlobalSection(ExtensibilityGlobals) = postSolution
		SolutionGuid = {F8553C21-63AD-4AB2-B10B-C93CE26670C0}
	EndGlobalSection
EndGlobal
